
Microsoft Visual Studio Solution File, Format Version 11.00
# Visual C# Express 2010
Project("{FAE04EC0-301F-11D3-BF4B-00C04F79EFBC}") = "Heavy Engine", "Heavy Engine.csproj", "{173F8863-86CC-4A48-8E55-F8A859281FDF}"
EndProject
Global
	GlobalSection(SolutionConfigurationPlatforms) = preSolution
		Debug|Any CPU = Debug|Any CPU
		Debug|x64 = Debug|x64
		Release|Any CPU = Release|Any CPU
		Release|x64 = Release|x64
	EndGlobalSection
	GlobalSection(ProjectConfigurationPlatforms) = postSolution
		{173F8863-86CC-4A48-8E55-F8A859281FDF}.Debug|Any CPU.ActiveCfg = Release|Any CPU
		{173F8863-86CC-4A48-8E55-F8A859281FDF}.Debug|Any CPU.Build.0 = Release|Any CPU
		{173F8863-86CC-4A48-8E55-F8A859281FDF}.Debug|x64.ActiveCfg = Release|Any CPU
		{173F8863-86CC-4A48-8E55-F8A859281FDF}.Debug|x64.Build.0 = Release|Any CPU
		{173F8863-86CC-4A48-8E55-F8A859281FDF}.Release|Any CPU.ActiveCfg = Release|Any CPU
		{173F8863-86CC-4A48-8E55-F8A859281FDF}.Release|Any CPU.Build.0 = Release|Any CPU
		{173F8863-86CC-4A48-8E55-F8A859281FDF}.Release|x64.ActiveCfg = Release|Any CPU
		{173F8863-86CC-4A48-8E55-F8A859281FDF}.Release|x64.Build.0 = Release|Any CPU
	EndGlobalSection
	GlobalSection(SolutionProperties) = preSolution
		HideSolutionNode = FALSE
	EndGlobalSection
EndGlobal
